
Microsoft Visual Studio Solution File, Format Version 12.00
# Visual Studio Version 16
VisualStudioVersion = 16.0.30011.22
MinimumVisualStudioVersion = 10.0.40219.1
Project("{FAE04EC0-301F-11D3-BF4B-00C04F79EFBC}") = "Projekt", "Projekt\Projekt.csproj", "{01066A29-F20F-41BE-9A40-F3FB0BC97905}"
EndProject
Project("{FAE04EC0-301F-11D3-BF4B-00C04F79EFBC}") = "Komponenty", "Komponenty\Komponenty.csproj", "{C7D1214B-B774-4C31-9664-962443EDE847}"
EndProject
Global
	GlobalSection(SolutionConfigurationPlatforms) = preSolution
		Debug|Any CPU = Debug|Any CPU
		Release|Any CPU = Release|Any CPU
	EndGlobalSection
	GlobalSection(ProjectConfigurationPlatforms) = postSolution
		{01066A29-F20F-41BE-9A40-F3FB0BC97905}.Debug|Any CPU.ActiveCfg = Debug|Any CPU
		{01066A29-F20F-41BE-9A40-F3FB0BC97905}.Debug|Any CPU.Build.0 = Debug|Any CPU
		{01066A29-F20F-41BE-9A40-F3FB0BC97905}.Release|Any CPU.ActiveCfg = Release|Any CPU
		{01066A29-F20F-41BE-9A40-F3FB0BC97905}.Release|Any CPU.Build.0 = Release|Any CPU
		{C7D1214B-B774-4C31-9664-962443EDE847}.Debug|Any CPU.ActiveCfg = Debug|Any CPU
		{C7D1214B-B774-4C31-9664-962443EDE847}.Debug|Any CPU.Build.0 = Debug|Any CPU
		{C7D1214B-B774-4C31-9664-962443EDE847}.Release|Any CPU.ActiveCfg = Release|Any CPU
		{C7D1214B-B774-4C31-9664-962443EDE847}.Release|Any CPU.Build.0 = Release|Any CPU
	EndGlobalSection
	GlobalSection(SolutionProperties) = preSolution
		HideSolutionNode = FALSE
	EndGlobalSection
	GlobalSection(ExtensibilityGlobals) = postSolution
		SolutionGuid = {3C4F9BB8-5F35-4258-BD95-1FB2C2D32A39}
	EndGlobalSection
EndGlobal
